
Microsoft Visual Studio Solution File, Format Version 12.00
Project("{FAE04EC0-301F-11D3-BF4B-00C04F79EFBC}") = "Messenger.Infrastructure.RabbitMq", "Messenger.Infrastructure.RabbitMq.csproj", "{657460EC-2650-434F-B75B-93655F57C68C}"
EndProject
Global
	GlobalSection(SolutionConfigurationPlatforms) = preSolution
		Debug|Any CPU = Debug|Any CPU
		Release|Any CPU = Release|Any CPU
	EndGlobalSection
	GlobalSection(ProjectConfigurationPlatforms) = postSolution
		{657460EC-2650-434F-B75B-93655F57C68C}.Debug|Any CPU.ActiveCfg = Debug|Any CPU
		{657460EC-2650-434F-B75B-93655F57C68C}.Debug|Any CPU.Build.0 = Debug|Any CPU
		{657460EC-2650-434F-B75B-93655F57C68C}.Release|Any CPU.ActiveCfg = Release|Any CPU
		{657460EC-2650-434F-B75B-93655F57C68C}.Release|Any CPU.Build.0 = Release|Any CPU
	EndGlobalSection
EndGlobal
